
Microsoft Visual Studio Solution File, Format Version 12.00
# Visual Studio 15
VisualStudioVersion = 15.0.27130.2027
MinimumVisualStudioVersion = 10.0.40219.1
Project("{FAE04EC0-301F-11D3-BF4B-00C04F79EFBC}") = "ShapeEntities", "ShapeEntities\ShapeEntities.csproj", "{6E98788A-9F28-44F9-ADCE-C1DF6E36C3FD}"
EndProject
Project("{FAE04EC0-301F-11D3-BF4B-00C04F79EFBC}") = "ShapeManualTest", "ShapeManualTest\ShapeManualTest.csproj", "{2889F66E-1E8A-47DA-84FF-B723BA285531}"
EndProject
Global
	GlobalSection(SolutionConfigurationPlatforms) = preSolution
		Debug|Any CPU = Debug|Any CPU
		Release|Any CPU = Release|Any CPU
	EndGlobalSection
	GlobalSection(ProjectConfigurationPlatforms) = postSolution
		{6E98788A-9F28-44F9-ADCE-C1DF6E36C3FD}.Debug|Any CPU.ActiveCfg = Debug|Any CPU
		{6E98788A-9F28-44F9-ADCE-C1DF6E36C3FD}.Debug|Any CPU.Build.0 = Debug|Any CPU
		{6E98788A-9F28-44F9-ADCE-C1DF6E36C3FD}.Release|Any CPU.ActiveCfg = Release|Any CPU
		{6E98788A-9F28-44F9-ADCE-C1DF6E36C3FD}.Release|Any CPU.Build.0 = Release|Any CPU
		{2889F66E-1E8A-47DA-84FF-B723BA285531}.Debug|Any CPU.ActiveCfg = Debug|Any CPU
		{2889F66E-1E8A-47DA-84FF-B723BA285531}.Debug|Any CPU.Build.0 = Debug|Any CPU
		{2889F66E-1E8A-47DA-84FF-B723BA285531}.Release|Any CPU.ActiveCfg = Release|Any CPU
		{2889F66E-1E8A-47DA-84FF-B723BA285531}.Release|Any CPU.Build.0 = Release|Any CPU
	EndGlobalSection
	GlobalSection(SolutionProperties) = preSolution
		HideSolutionNode = FALSE
	EndGlobalSection
	GlobalSection(ExtensibilityGlobals) = postSolution
		SolutionGuid = {0A63086C-27CF-45D9-8D4E-303832BCAE81}
	EndGlobalSection
EndGlobal
