
Microsoft Visual Studio Solution File, Format Version 12.00
# Visual Studio 15
VisualStudioVersion = 15.0.27130.2020
MinimumVisualStudioVersion = 10.0.40219.1
Project("{FAE04EC0-301F-11D3-BF4B-00C04F79EFBC}") = "StarTrek", "StarTrek\StarTrek.csproj", "{6F647EDA-01A7-4020-A17F-027FCAD58013}"
EndProject
Project("{FAE04EC0-301F-11D3-BF4B-00C04F79EFBC}") = "w3resources_Recursion", "w3resources_Recursion\w3resources_Recursion.csproj", "{2CA6A4CE-54E3-42C2-81C4-F4F6DB40C830}"
EndProject
Global
	GlobalSection(SolutionConfigurationPlatforms) = preSolution
		Debug|Any CPU = Debug|Any CPU
		Release|Any CPU = Release|Any CPU
	EndGlobalSection
	GlobalSection(ProjectConfigurationPlatforms) = postSolution
		{6F647EDA-01A7-4020-A17F-027FCAD58013}.Debug|Any CPU.ActiveCfg = Debug|Any CPU
		{6F647EDA-01A7-4020-A17F-027FCAD58013}.Debug|Any CPU.Build.0 = Debug|Any CPU
		{6F647EDA-01A7-4020-A17F-027FCAD58013}.Release|Any CPU.ActiveCfg = Release|Any CPU
		{6F647EDA-01A7-4020-A17F-027FCAD58013}.Release|Any CPU.Build.0 = Release|Any CPU
		{2CA6A4CE-54E3-42C2-81C4-F4F6DB40C830}.Debug|Any CPU.ActiveCfg = Debug|Any CPU
		{2CA6A4CE-54E3-42C2-81C4-F4F6DB40C830}.Debug|Any CPU.Build.0 = Debug|Any CPU
		{2CA6A4CE-54E3-42C2-81C4-F4F6DB40C830}.Release|Any CPU.ActiveCfg = Release|Any CPU
		{2CA6A4CE-54E3-42C2-81C4-F4F6DB40C830}.Release|Any CPU.Build.0 = Release|Any CPU
	EndGlobalSection
	GlobalSection(SolutionProperties) = preSolution
		HideSolutionNode = FALSE
	EndGlobalSection
	GlobalSection(ExtensibilityGlobals) = postSolution
		SolutionGuid = {D4CBB390-B80D-464A-A12E-7110916F0BD4}
	EndGlobalSection
EndGlobal
