
Microsoft Visual Studio Solution File, Format Version 12.00
# Visual Studio 15
VisualStudioVersion = 15.0.27130.2024
MinimumVisualStudioVersion = 10.0.40219.1
Project("{FAE04EC0-301F-11D3-BF4B-00C04F79EFBC}") = "AspIT.MSJ.TinyApp.GUI", "AspIT.MSJ.TinyApp.GUI\AspIT.MSJ.TinyApp.GUI.csproj", "{80467BC9-40BA-4639-A2BB-5270F478E3DB}"
EndProject
Project("{FAE04EC0-301F-11D3-BF4B-00C04F79EFBC}") = "AspIT.MSJ.TinyApp.Core", "AspIT.MSJ.TinyApp.Core\AspIT.MSJ.TinyApp.Core.csproj", "{F8AC6BA8-EE82-4D98-B7AD-1EF21F0B72BE}"
EndProject
Project("{FAE04EC0-301F-11D3-BF4B-00C04F79EFBC}") = "AspIT.MSJ.TinyApp.DataAccess", "AspIT.MSJ.TinyApp.DataAccess\AspIT.MSJ.TinyApp.DataAccess.csproj", "{07F391C5-947E-4DB8-9DDD-110E11440BA5}"
EndProject
Global
	GlobalSection(SolutionConfigurationPlatforms) = preSolution
		Debug|Any CPU = Debug|Any CPU
		Release|Any CPU = Release|Any CPU
	EndGlobalSection
	GlobalSection(ProjectConfigurationPlatforms) = postSolution
		{80467BC9-40BA-4639-A2BB-5270F478E3DB}.Debug|Any CPU.ActiveCfg = Debug|Any CPU
		{80467BC9-40BA-4639-A2BB-5270F478E3DB}.Debug|Any CPU.Build.0 = Debug|Any CPU
		{80467BC9-40BA-4639-A2BB-5270F478E3DB}.Release|Any CPU.ActiveCfg = Release|Any CPU
		{80467BC9-40BA-4639-A2BB-5270F478E3DB}.Release|Any CPU.Build.0 = Release|Any CPU
		{F8AC6BA8-EE82-4D98-B7AD-1EF21F0B72BE}.Debug|Any CPU.ActiveCfg = Debug|Any CPU
		{F8AC6BA8-EE82-4D98-B7AD-1EF21F0B72BE}.Debug|Any CPU.Build.0 = Debug|Any CPU
		{F8AC6BA8-EE82-4D98-B7AD-1EF21F0B72BE}.Release|Any CPU.ActiveCfg = Release|Any CPU
		{F8AC6BA8-EE82-4D98-B7AD-1EF21F0B72BE}.Release|Any CPU.Build.0 = Release|Any CPU
		{07F391C5-947E-4DB8-9DDD-110E11440BA5}.Debug|Any CPU.ActiveCfg = Debug|Any CPU
		{07F391C5-947E-4DB8-9DDD-110E11440BA5}.Debug|Any CPU.Build.0 = Debug|Any CPU
		{07F391C5-947E-4DB8-9DDD-110E11440BA5}.Release|Any CPU.ActiveCfg = Release|Any CPU
		{07F391C5-947E-4DB8-9DDD-110E11440BA5}.Release|Any CPU.Build.0 = Release|Any CPU
	EndGlobalSection
	GlobalSection(SolutionProperties) = preSolution
		HideSolutionNode = FALSE
	EndGlobalSection
	GlobalSection(ExtensibilityGlobals) = postSolution
		SolutionGuid = {DA7D97B7-5B68-4B4A-9688-2E34B7182838}
	EndGlobalSection
EndGlobal
