
Microsoft Visual Studio Solution File, Format Version 12.00
# Visual Studio 15
VisualStudioVersion = 15.0.27130.2020
MinimumVisualStudioVersion = 10.0.40219.1
Project("{FAE04EC0-301F-11D3-BF4B-00C04F79EFBC}") = "AspIT.BasicOOP.OOPTest", "AspIT.BasicOOP.OOPTest\AspIT.BasicOOP.OOPTest.csproj", "{A29E65A4-29A4-494D-861E-B34B00C8EBD4}"
EndProject
Project("{FAE04EC0-301F-11D3-BF4B-00C04F79EFBC}") = "AspIT.BasicOOP.Game", "AspIT.BasicOOP.Game\AspIT.BasicOOP.Game.csproj", "{CEDEA946-765D-4AC6-A692-56389BC546DB}"
EndProject
Global
	GlobalSection(SolutionConfigurationPlatforms) = preSolution
		Debug|Any CPU = Debug|Any CPU
		Release|Any CPU = Release|Any CPU
	EndGlobalSection
	GlobalSection(ProjectConfigurationPlatforms) = postSolution
		{A29E65A4-29A4-494D-861E-B34B00C8EBD4}.Debug|Any CPU.ActiveCfg = Debug|Any CPU
		{A29E65A4-29A4-494D-861E-B34B00C8EBD4}.Debug|Any CPU.Build.0 = Debug|Any CPU
		{A29E65A4-29A4-494D-861E-B34B00C8EBD4}.Release|Any CPU.ActiveCfg = Release|Any CPU
		{A29E65A4-29A4-494D-861E-B34B00C8EBD4}.Release|Any CPU.Build.0 = Release|Any CPU
		{CEDEA946-765D-4AC6-A692-56389BC546DB}.Debug|Any CPU.ActiveCfg = Debug|Any CPU
		{CEDEA946-765D-4AC6-A692-56389BC546DB}.Debug|Any CPU.Build.0 = Debug|Any CPU
		{CEDEA946-765D-4AC6-A692-56389BC546DB}.Release|Any CPU.ActiveCfg = Release|Any CPU
		{CEDEA946-765D-4AC6-A692-56389BC546DB}.Release|Any CPU.Build.0 = Release|Any CPU
	EndGlobalSection
	GlobalSection(SolutionProperties) = preSolution
		HideSolutionNode = FALSE
	EndGlobalSection
	GlobalSection(ExtensibilityGlobals) = postSolution
		SolutionGuid = {FDFD2A22-1AF2-4957-A220-E60B1B675888}
	EndGlobalSection
EndGlobal
