
Microsoft Visual Studio Solution File, Format Version 12.00
# Visual Studio 15
VisualStudioVersion = 15.0.27130.2010
MinimumVisualStudioVersion = 10.0.40219.1
Project("{FAE04EC0-301F-11D3-BF4B-00C04F79EFBC}") = "EX01HelloWorld", "EX01HelloWorld\EX01HelloWorld.csproj", "{94FF4C40-8E92-4188-895F-813CED3315C4}"
EndProject
Project("{FAE04EC0-301F-11D3-BF4B-00C04F79EFBC}") = "EX02Datatypes", "EX02Datatypes\EX02Datatypes.csproj", "{AAB790D4-D161-4429-A1F9-706E6D41D54F}"
EndProject
Project("{FAE04EC0-301F-11D3-BF4B-00C04F79EFBC}") = "EX03ConsolePlay", "EX03ConsolePlay\EX03ConsolePlay.csproj", "{C03A33F9-835E-4590-9E9A-1D064275DF67}"
EndProject
Project("{FAE04EC0-301F-11D3-BF4B-00C04F79EFBC}") = "EX04ReadLine", "EX04ReadLine\EX04ReadLine.csproj", "{AC69F1A3-8344-4FC2-B954-90FDF40C94EE}"
EndProject
Project("{FAE04EC0-301F-11D3-BF4B-00C04F79EFBC}") = "ExtraEX01BmiCalculator", "ExtraEX01BmiCalculator\ExtraEX01BmiCalculator.csproj", "{260C88A5-0CF1-4E0D-8A92-FF14710177C6}"
EndProject
Project("{FAE04EC0-301F-11D3-BF4B-00C04F79EFBC}") = "ExtraEX01MathQuiz", "ExtraEX01MathQuiz\ExtraEX01MathQuiz.csproj", "{7BAD89E2-6E08-476D-B948-A4C43D33DCD7}"
EndProject
Project("{FAE04EC0-301F-11D3-BF4B-00C04F79EFBC}") = "ExtraEX02Loops", "ExtraEX02Loops\ExtraEX02Loops.csproj", "{EF8EA8C3-EA43-4314-AEBB-7DECC74FC739}"
EndProject
Project("{FAE04EC0-301F-11D3-BF4B-00C04F79EFBC}") = "EX05Arithmetic", "EX05Arithmetic\EX05Arithmetic.csproj", "{D46F66E5-0228-435D-A1FB-0F226047997B}"
EndProject
Project("{FAE04EC0-301F-11D3-BF4B-00C04F79EFBC}") = "EX06Selection", "EX06Selection\EX06Selection.csproj", "{FDB3EAA7-A3C5-4539-88B0-5E6432F7FABC}"
EndProject
Project("{FAE04EC0-301F-11D3-BF4B-00C04F79EFBC}") = "EX07BooleanAlgebra", "EX07BooleanAlgebra\EX07BooleanAlgebra.csproj", "{697948F1-9F82-4981-B0D6-8DBFF1CD607A}"
EndProject
Project("{FAE04EC0-301F-11D3-BF4B-00C04F79EFBC}") = "EX08BooleanIf", "EX08BooleanIf\EX08BooleanIf.csproj", "{9C230E10-8873-4D6F-B72F-CC70FEF98480}"
EndProject
Project("{FAE04EC0-301F-11D3-BF4B-00C04F79EFBC}") = "EX09Switch", "EX09Switch\EX09Switch.csproj", "{CA1E061A-A167-4A53-AA5B-4EB8DC399947}"
EndProject
Project("{FAE04EC0-301F-11D3-BF4B-00C04F79EFBC}") = "EX10SwitchEnum", "EX10SwitchEnum\EX10SwitchEnum.csproj", "{3BFFFF5C-759F-4D48-985F-54C59C4493F0}"
EndProject
Project("{FAE04EC0-301F-11D3-BF4B-00C04F79EFBC}") = "ExtraEX03Methods", "ExtraEX03Methods\ExtraEX03Methods.csproj", "{0DAEF9F0-0CE7-479D-96F7-7E67B5A6A802}"
EndProject
Project("{FAE04EC0-301F-11D3-BF4B-00C04F79EFBC}") = "EX11While", "EX11While\EX11While.csproj", "{FA3987EF-80BC-45EA-AFD7-F25A019EF32B}"
EndProject
Project("{FAE04EC0-301F-11D3-BF4B-00C04F79EFBC}") = "EX12ForLoop", "EX12ForLoop\EX12ForLoop.csproj", "{F176AF6F-2915-485D-A4D1-9C928469E5F0}"
EndProject
Project("{FAE04EC0-301F-11D3-BF4B-00C04F79EFBC}") = "EX13Arrays", "EX13Arrays\EX13Arrays.csproj", "{7EB80736-F4ED-4EC2-B396-99083BCD50B0}"
EndProject
Project("{FAE04EC0-301F-11D3-BF4B-00C04F79EFBC}") = "EX14Lists", "EX14Lists\EX14Lists.csproj", "{A091B894-8116-4447-B115-8DBB4B0EEB0E}"
EndProject
Project("{FAE04EC0-301F-11D3-BF4B-00C04F79EFBC}") = "EX15Methods", "EX15Methods\EX15Methods.csproj", "{BE542B39-A3E0-47E0-AD2D-1B13B750F4E6}"
EndProject
Project("{FAE04EC0-301F-11D3-BF4B-00C04F79EFBC}") = "EX16Objects", "EX16Objects\EX16Objects.csproj", "{2D386916-8511-4B35-9105-390C7C1A5580}"
EndProject
Project("{FAE04EC0-301F-11D3-BF4B-00C04F79EFBC}") = "EX17SimpleClasses", "EX17SimpleClasses\EX17SimpleClasses.csproj", "{A7D3CE45-A8E9-49C8-8E66-630508CCBD36}"
EndProject
Project("{FAE04EC0-301F-11D3-BF4B-00C04F79EFBC}") = "EX18SimpleClasses", "EX18SimpleClasses\EX18SimpleClasses.csproj", "{AACD4523-9389-4FC2-A0EA-FCB1DF5DC272}"
EndProject
Project("{FAE04EC0-301F-11D3-BF4B-00C04F79EFBC}") = "EX19StreamReader", "EX19StreamReader\EX19StreamReader.csproj", "{1F50065E-5D1F-411A-BFFB-F3797A301B32}"
EndProject
Project("{FAE04EC0-301F-11D3-BF4B-00C04F79EFBC}") = "EX19bStreamReader", "EX19bStreamReader\EX19bStreamReader.csproj", "{08064058-D59F-43AA-ADCD-8EE1AE44831F}"
EndProject
Project("{FAE04EC0-301F-11D3-BF4B-00C04F79EFBC}") = "EX20StreamWriter", "EX20StreamWriter\EX20StreamWriter.csproj", "{B66BA59B-7900-41AA-A1CE-712C57C9C73D}"
EndProject
Project("{FAE04EC0-301F-11D3-BF4B-00C04F79EFBC}") = "EX21WPFLabelButton", "EX21WPFLabelButton\EX21WPFLabelButton.csproj", "{FF41D165-50D5-4365-9C01-027062115C4E}"
EndProject
Project("{FAE04EC0-301F-11D3-BF4B-00C04F79EFBC}") = "EX22WPFTextBlockTextBox", "EX22WPFTextBlockTextBox\EX22WPFTextBlockTextBox.csproj", "{FC1C447C-C176-4EB6-9B1F-972DE154B7A3}"
EndProject
Project("{FAE04EC0-301F-11D3-BF4B-00C04F79EFBC}") = "EX23WPFMessageBox", "EX23WPFMessageBox\EX23WPFMessageBox.csproj", "{D681E4D5-3F56-48CA-8F26-BE36653E2056}"
EndProject
Project("{FAE04EC0-301F-11D3-BF4B-00C04F79EFBC}") = "EX24WPFSmallGame", "EX24WPFSmallGame\EX24WPFSmallGame.csproj", "{4544ED97-9F20-4BF6-A39E-14B205CAE811}"
EndProject
Project("{FAE04EC0-301F-11D3-BF4B-00C04F79EFBC}") = "EX26WPFDiceGame", "EX26WPFDiceGame\EX26WPFDiceGame.csproj", "{8E088ED1-882C-4BDE-9086-A8D3381D9A9E}"
EndProject
Project("{FAE04EC0-301F-11D3-BF4B-00C04F79EFBC}") = "EX27WPFHeroGenerator", "EX27WPFHeroGenerator\EX27WPFHeroGenerator.csproj", "{B8605959-4CDA-4520-8E17-8F1C78C60951}"
EndProject
Project("{FAE04EC0-301F-11D3-BF4B-00C04F79EFBC}") = "AdventOfCode_Day1", "AdventOfCode_Day1\AdventOfCode_Day1.csproj", "{5BAAB6E1-5849-484C-843A-D6E16C644E45}"
EndProject
Project("{FAE04EC0-301F-11D3-BF4B-00C04F79EFBC}") = "AdventOfCode_Day2", "AdventOfCode_Day2\AdventOfCode_Day2.csproj", "{F84C939C-35DF-4495-B672-9FAE2E2E5A12}"
EndProject
Project("{FAE04EC0-301F-11D3-BF4B-00C04F79EFBC}") = "EX29WPFMusicLibrary", "EX29WPFMusicLibrary\EX29WPFMusicLibrary.csproj", "{449376C9-634D-4E91-8476-46CF30B998A1}"
EndProject
Project("{FAE04EC0-301F-11D3-BF4B-00C04F79EFBC}") = "EX30WPFFlightPlanner", "EX30WPFFlightPlanner\EX30WPFFlightPlanner.csproj", "{57E3DA48-13EE-4D20-9221-4B12365500BE}"
EndProject
Project("{FAE04EC0-301F-11D3-BF4B-00C04F79EFBC}") = "AdventOfCode_Day3", "AdventOfCode_Day3\AdventOfCode_Day3.csproj", "{864A92B7-6179-40BD-AA84-564E699A6937}"
EndProject
Project("{FAE04EC0-301F-11D3-BF4B-00C04F79EFBC}") = "RomanNumberConverter", "RomanNumberConverter\RomanNumberConverter.csproj", "{15168655-6AC9-4552-B4BE-EADFFA5830BA}"
EndProject
Global
	GlobalSection(SolutionConfigurationPlatforms) = preSolution
		Debug|Any CPU = Debug|Any CPU
		Release|Any CPU = Release|Any CPU
	EndGlobalSection
	GlobalSection(ProjectConfigurationPlatforms) = postSolution
		{94FF4C40-8E92-4188-895F-813CED3315C4}.Debug|Any CPU.ActiveCfg = Debug|Any CPU
		{94FF4C40-8E92-4188-895F-813CED3315C4}.Debug|Any CPU.Build.0 = Debug|Any CPU
		{94FF4C40-8E92-4188-895F-813CED3315C4}.Release|Any CPU.ActiveCfg = Release|Any CPU
		{94FF4C40-8E92-4188-895F-813CED3315C4}.Release|Any CPU.Build.0 = Release|Any CPU
		{AAB790D4-D161-4429-A1F9-706E6D41D54F}.Debug|Any CPU.ActiveCfg = Debug|Any CPU
		{AAB790D4-D161-4429-A1F9-706E6D41D54F}.Debug|Any CPU.Build.0 = Debug|Any CPU
		{AAB790D4-D161-4429-A1F9-706E6D41D54F}.Release|Any CPU.ActiveCfg = Release|Any CPU
		{AAB790D4-D161-4429-A1F9-706E6D41D54F}.Release|Any CPU.Build.0 = Release|Any CPU
		{C03A33F9-835E-4590-9E9A-1D064275DF67}.Debug|Any CPU.ActiveCfg = Debug|Any CPU
		{C03A33F9-835E-4590-9E9A-1D064275DF67}.Debug|Any CPU.Build.0 = Debug|Any CPU
		{C03A33F9-835E-4590-9E9A-1D064275DF67}.Release|Any CPU.ActiveCfg = Release|Any CPU
		{C03A33F9-835E-4590-9E9A-1D064275DF67}.Release|Any CPU.Build.0 = Release|Any CPU
		{AC69F1A3-8344-4FC2-B954-90FDF40C94EE}.Debug|Any CPU.ActiveCfg = Debug|Any CPU
		{AC69F1A3-8344-4FC2-B954-90FDF40C94EE}.Debug|Any CPU.Build.0 = Debug|Any CPU
		{AC69F1A3-8344-4FC2-B954-90FDF40C94EE}.Release|Any CPU.ActiveCfg = Release|Any CPU
		{AC69F1A3-8344-4FC2-B954-90FDF40C94EE}.Release|Any CPU.Build.0 = Release|Any CPU
		{260C88A5-0CF1-4E0D-8A92-FF14710177C6}.Debug|Any CPU.ActiveCfg = Debug|Any CPU
		{260C88A5-0CF1-4E0D-8A92-FF14710177C6}.Debug|Any CPU.Build.0 = Debug|Any CPU
		{260C88A5-0CF1-4E0D-8A92-FF14710177C6}.Release|Any CPU.ActiveCfg = Release|Any CPU
		{260C88A5-0CF1-4E0D-8A92-FF14710177C6}.Release|Any CPU.Build.0 = Release|Any CPU
		{7BAD89E2-6E08-476D-B948-A4C43D33DCD7}.Debug|Any CPU.ActiveCfg = Debug|Any CPU
		{7BAD89E2-6E08-476D-B948-A4C43D33DCD7}.Debug|Any CPU.Build.0 = Debug|Any CPU
		{7BAD89E2-6E08-476D-B948-A4C43D33DCD7}.Release|Any CPU.ActiveCfg = Release|Any CPU
		{7BAD89E2-6E08-476D-B948-A4C43D33DCD7}.Release|Any CPU.Build.0 = Release|Any CPU
		{EF8EA8C3-EA43-4314-AEBB-7DECC74FC739}.Debug|Any CPU.ActiveCfg = Debug|Any CPU
		{EF8EA8C3-EA43-4314-AEBB-7DECC74FC739}.Debug|Any CPU.Build.0 = Debug|Any CPU
		{EF8EA8C3-EA43-4314-AEBB-7DECC74FC739}.Release|Any CPU.ActiveCfg = Release|Any CPU
		{EF8EA8C3-EA43-4314-AEBB-7DECC74FC739}.Release|Any CPU.Build.0 = Release|Any CPU
		{D46F66E5-0228-435D-A1FB-0F226047997B}.Debug|Any CPU.ActiveCfg = Debug|Any CPU
		{D46F66E5-0228-435D-A1FB-0F226047997B}.Debug|Any CPU.Build.0 = Debug|Any CPU
		{D46F66E5-0228-435D-A1FB-0F226047997B}.Release|Any CPU.ActiveCfg = Release|Any CPU
		{D46F66E5-0228-435D-A1FB-0F226047997B}.Release|Any CPU.Build.0 = Release|Any CPU
		{FDB3EAA7-A3C5-4539-88B0-5E6432F7FABC}.Debug|Any CPU.ActiveCfg = Debug|Any CPU
		{FDB3EAA7-A3C5-4539-88B0-5E6432F7FABC}.Debug|Any CPU.Build.0 = Debug|Any CPU
		{FDB3EAA7-A3C5-4539-88B0-5E6432F7FABC}.Release|Any CPU.ActiveCfg = Release|Any CPU
		{FDB3EAA7-A3C5-4539-88B0-5E6432F7FABC}.Release|Any CPU.Build.0 = Release|Any CPU
		{697948F1-9F82-4981-B0D6-8DBFF1CD607A}.Debug|Any CPU.ActiveCfg = Debug|Any CPU
		{697948F1-9F82-4981-B0D6-8DBFF1CD607A}.Debug|Any CPU.Build.0 = Debug|Any CPU
		{697948F1-9F82-4981-B0D6-8DBFF1CD607A}.Release|Any CPU.ActiveCfg = Release|Any CPU
		{697948F1-9F82-4981-B0D6-8DBFF1CD607A}.Release|Any CPU.Build.0 = Release|Any CPU
		{9C230E10-8873-4D6F-B72F-CC70FEF98480}.Debug|Any CPU.ActiveCfg = Debug|Any CPU
		{9C230E10-8873-4D6F-B72F-CC70FEF98480}.Debug|Any CPU.Build.0 = Debug|Any CPU
		{9C230E10-8873-4D6F-B72F-CC70FEF98480}.Release|Any CPU.ActiveCfg = Release|Any CPU
		{9C230E10-8873-4D6F-B72F-CC70FEF98480}.Release|Any CPU.Build.0 = Release|Any CPU
		{CA1E061A-A167-4A53-AA5B-4EB8DC399947}.Debug|Any CPU.ActiveCfg = Debug|Any CPU
		{CA1E061A-A167-4A53-AA5B-4EB8DC399947}.Debug|Any CPU.Build.0 = Debug|Any CPU
		{CA1E061A-A167-4A53-AA5B-4EB8DC399947}.Release|Any CPU.ActiveCfg = Release|Any CPU
		{CA1E061A-A167-4A53-AA5B-4EB8DC399947}.Release|Any CPU.Build.0 = Release|Any CPU
		{3BFFFF5C-759F-4D48-985F-54C59C4493F0}.Debug|Any CPU.ActiveCfg = Debug|Any CPU
		{3BFFFF5C-759F-4D48-985F-54C59C4493F0}.Debug|Any CPU.Build.0 = Debug|Any CPU
		{3BFFFF5C-759F-4D48-985F-54C59C4493F0}.Release|Any CPU.ActiveCfg = Release|Any CPU
		{3BFFFF5C-759F-4D48-985F-54C59C4493F0}.Release|Any CPU.Build.0 = Release|Any CPU
		{0DAEF9F0-0CE7-479D-96F7-7E67B5A6A802}.Debug|Any CPU.ActiveCfg = Debug|Any CPU
		{0DAEF9F0-0CE7-479D-96F7-7E67B5A6A802}.Debug|Any CPU.Build.0 = Debug|Any CPU
		{0DAEF9F0-0CE7-479D-96F7-7E67B5A6A802}.Release|Any CPU.ActiveCfg = Release|Any CPU
		{0DAEF9F0-0CE7-479D-96F7-7E67B5A6A802}.Release|Any CPU.Build.0 = Release|Any CPU
		{FA3987EF-80BC-45EA-AFD7-F25A019EF32B}.Debug|Any CPU.ActiveCfg = Debug|Any CPU
		{FA3987EF-80BC-45EA-AFD7-F25A019EF32B}.Debug|Any CPU.Build.0 = Debug|Any CPU
		{FA3987EF-80BC-45EA-AFD7-F25A019EF32B}.Release|Any CPU.ActiveCfg = Release|Any CPU
		{FA3987EF-80BC-45EA-AFD7-F25A019EF32B}.Release|Any CPU.Build.0 = Release|Any CPU
		{F176AF6F-2915-485D-A4D1-9C928469E5F0}.Debug|Any CPU.ActiveCfg = Debug|Any CPU
		{F176AF6F-2915-485D-A4D1-9C928469E5F0}.Debug|Any CPU.Build.0 = Debug|Any CPU
		{F176AF6F-2915-485D-A4D1-9C928469E5F0}.Release|Any CPU.ActiveCfg = Release|Any CPU
		{F176AF6F-2915-485D-A4D1-9C928469E5F0}.Release|Any CPU.Build.0 = Release|Any CPU
		{7EB80736-F4ED-4EC2-B396-99083BCD50B0}.Debug|Any CPU.ActiveCfg = Debug|Any CPU
		{7EB80736-F4ED-4EC2-B396-99083BCD50B0}.Debug|Any CPU.Build.0 = Debug|Any CPU
		{7EB80736-F4ED-4EC2-B396-99083BCD50B0}.Release|Any CPU.ActiveCfg = Release|Any CPU
		{7EB80736-F4ED-4EC2-B396-99083BCD50B0}.Release|Any CPU.Build.0 = Release|Any CPU
		{A091B894-8116-4447-B115-8DBB4B0EEB0E}.Debug|Any CPU.ActiveCfg = Debug|Any CPU
		{A091B894-8116-4447-B115-8DBB4B0EEB0E}.Debug|Any CPU.Build.0 = Debug|Any CPU
		{A091B894-8116-4447-B115-8DBB4B0EEB0E}.Release|Any CPU.ActiveCfg = Release|Any CPU
		{A091B894-8116-4447-B115-8DBB4B0EEB0E}.Release|Any CPU.Build.0 = Release|Any CPU
		{BE542B39-A3E0-47E0-AD2D-1B13B750F4E6}.Debug|Any CPU.ActiveCfg = Debug|Any CPU
		{BE542B39-A3E0-47E0-AD2D-1B13B750F4E6}.Debug|Any CPU.Build.0 = Debug|Any CPU
		{BE542B39-A3E0-47E0-AD2D-1B13B750F4E6}.Release|Any CPU.ActiveCfg = Release|Any CPU
		{BE542B39-A3E0-47E0-AD2D-1B13B750F4E6}.Release|Any CPU.Build.0 = Release|Any CPU
		{2D386916-8511-4B35-9105-390C7C1A5580}.Debug|Any CPU.ActiveCfg = Debug|Any CPU
		{2D386916-8511-4B35-9105-390C7C1A5580}.Debug|Any CPU.Build.0 = Debug|Any CPU
		{2D386916-8511-4B35-9105-390C7C1A5580}.Release|Any CPU.ActiveCfg = Release|Any CPU
		{2D386916-8511-4B35-9105-390C7C1A5580}.Release|Any CPU.Build.0 = Release|Any CPU
		{A7D3CE45-A8E9-49C8-8E66-630508CCBD36}.Debug|Any CPU.ActiveCfg = Debug|Any CPU
		{A7D3CE45-A8E9-49C8-8E66-630508CCBD36}.Debug|Any CPU.Build.0 = Debug|Any CPU
		{A7D3CE45-A8E9-49C8-8E66-630508CCBD36}.Release|Any CPU.ActiveCfg = Release|Any CPU
		{A7D3CE45-A8E9-49C8-8E66-630508CCBD36}.Release|Any CPU.Build.0 = Release|Any CPU
		{AACD4523-9389-4FC2-A0EA-FCB1DF5DC272}.Debug|Any CPU.ActiveCfg = Debug|Any CPU
		{AACD4523-9389-4FC2-A0EA-FCB1DF5DC272}.Debug|Any CPU.Build.0 = Debug|Any CPU
		{AACD4523-9389-4FC2-A0EA-FCB1DF5DC272}.Release|Any CPU.ActiveCfg = Release|Any CPU
		{AACD4523-9389-4FC2-A0EA-FCB1DF5DC272}.Release|Any CPU.Build.0 = Release|Any CPU
		{1F50065E-5D1F-411A-BFFB-F3797A301B32}.Debug|Any CPU.ActiveCfg = Debug|Any CPU
		{1F50065E-5D1F-411A-BFFB-F3797A301B32}.Debug|Any CPU.Build.0 = Debug|Any CPU
		{1F50065E-5D1F-411A-BFFB-F3797A301B32}.Release|Any CPU.ActiveCfg = Release|Any CPU
		{1F50065E-5D1F-411A-BFFB-F3797A301B32}.Release|Any CPU.Build.0 = Release|Any CPU
		{08064058-D59F-43AA-ADCD-8EE1AE44831F}.Debug|Any CPU.ActiveCfg = Debug|Any CPU
		{08064058-D59F-43AA-ADCD-8EE1AE44831F}.Debug|Any CPU.Build.0 = Debug|Any CPU
		{08064058-D59F-43AA-ADCD-8EE1AE44831F}.Release|Any CPU.ActiveCfg = Release|Any CPU
		{08064058-D59F-43AA-ADCD-8EE1AE44831F}.Release|Any CPU.Build.0 = Release|Any CPU
		{B66BA59B-7900-41AA-A1CE-712C57C9C73D}.Debug|Any CPU.ActiveCfg = Debug|Any CPU
		{B66BA59B-7900-41AA-A1CE-712C57C9C73D}.Debug|Any CPU.Build.0 = Debug|Any CPU
		{B66BA59B-7900-41AA-A1CE-712C57C9C73D}.Release|Any CPU.ActiveCfg = Release|Any CPU
		{B66BA59B-7900-41AA-A1CE-712C57C9C73D}.Release|Any CPU.Build.0 = Release|Any CPU
		{FF41D165-50D5-4365-9C01-027062115C4E}.Debug|Any CPU.ActiveCfg = Debug|Any CPU
		{FF41D165-50D5-4365-9C01-027062115C4E}.Debug|Any CPU.Build.0 = Debug|Any CPU
		{FF41D165-50D5-4365-9C01-027062115C4E}.Release|Any CPU.ActiveCfg = Release|Any CPU
		{FF41D165-50D5-4365-9C01-027062115C4E}.Release|Any CPU.Build.0 = Release|Any CPU
		{FC1C447C-C176-4EB6-9B1F-972DE154B7A3}.Debug|Any CPU.ActiveCfg = Debug|Any CPU
		{FC1C447C-C176-4EB6-9B1F-972DE154B7A3}.Debug|Any CPU.Build.0 = Debug|Any CPU
		{FC1C447C-C176-4EB6-9B1F-972DE154B7A3}.Release|Any CPU.ActiveCfg = Release|Any CPU
		{FC1C447C-C176-4EB6-9B1F-972DE154B7A3}.Release|Any CPU.Build.0 = Release|Any CPU
		{D681E4D5-3F56-48CA-8F26-BE36653E2056}.Debug|Any CPU.ActiveCfg = Debug|Any CPU
		{D681E4D5-3F56-48CA-8F26-BE36653E2056}.Debug|Any CPU.Build.0 = Debug|Any CPU
		{D681E4D5-3F56-48CA-8F26-BE36653E2056}.Release|Any CPU.ActiveCfg = Release|Any CPU
		{D681E4D5-3F56-48CA-8F26-BE36653E2056}.Release|Any CPU.Build.0 = Release|Any CPU
		{4544ED97-9F20-4BF6-A39E-14B205CAE811}.Debug|Any CPU.ActiveCfg = Debug|Any CPU
		{4544ED97-9F20-4BF6-A39E-14B205CAE811}.Debug|Any CPU.Build.0 = Debug|Any CPU
		{4544ED97-9F20-4BF6-A39E-14B205CAE811}.Release|Any CPU.ActiveCfg = Release|Any CPU
		{4544ED97-9F20-4BF6-A39E-14B205CAE811}.Release|Any CPU.Build.0 = Release|Any CPU
		{8E088ED1-882C-4BDE-9086-A8D3381D9A9E}.Debug|Any CPU.ActiveCfg = Debug|Any CPU
		{8E088ED1-882C-4BDE-9086-A8D3381D9A9E}.Debug|Any CPU.Build.0 = Debug|Any CPU
		{8E088ED1-882C-4BDE-9086-A8D3381D9A9E}.Release|Any CPU.ActiveCfg = Release|Any CPU
		{8E088ED1-882C-4BDE-9086-A8D3381D9A9E}.Release|Any CPU.Build.0 = Release|Any CPU
		{B8605959-4CDA-4520-8E17-8F1C78C60951}.Debug|Any CPU.ActiveCfg = Debug|Any CPU
		{B8605959-4CDA-4520-8E17-8F1C78C60951}.Debug|Any CPU.Build.0 = Debug|Any CPU
		{B8605959-4CDA-4520-8E17-8F1C78C60951}.Release|Any CPU.ActiveCfg = Release|Any CPU
		{B8605959-4CDA-4520-8E17-8F1C78C60951}.Release|Any CPU.Build.0 = Release|Any CPU
		{5BAAB6E1-5849-484C-843A-D6E16C644E45}.Debug|Any CPU.ActiveCfg = Debug|Any CPU
		{5BAAB6E1-5849-484C-843A-D6E16C644E45}.Debug|Any CPU.Build.0 = Debug|Any CPU
		{5BAAB6E1-5849-484C-843A-D6E16C644E45}.Release|Any CPU.ActiveCfg = Release|Any CPU
		{5BAAB6E1-5849-484C-843A-D6E16C644E45}.Release|Any CPU.Build.0 = Release|Any CPU
		{F84C939C-35DF-4495-B672-9FAE2E2E5A12}.Debug|Any CPU.ActiveCfg = Debug|Any CPU
		{F84C939C-35DF-4495-B672-9FAE2E2E5A12}.Debug|Any CPU.Build.0 = Debug|Any CPU
		{F84C939C-35DF-4495-B672-9FAE2E2E5A12}.Release|Any CPU.ActiveCfg = Release|Any CPU
		{F84C939C-35DF-4495-B672-9FAE2E2E5A12}.Release|Any CPU.Build.0 = Release|Any CPU
		{449376C9-634D-4E91-8476-46CF30B998A1}.Debug|Any CPU.ActiveCfg = Debug|Any CPU
		{449376C9-634D-4E91-8476-46CF30B998A1}.Debug|Any CPU.Build.0 = Debug|Any CPU
		{449376C9-634D-4E91-8476-46CF30B998A1}.Release|Any CPU.ActiveCfg = Release|Any CPU
		{449376C9-634D-4E91-8476-46CF30B998A1}.Release|Any CPU.Build.0 = Release|Any CPU
		{57E3DA48-13EE-4D20-9221-4B12365500BE}.Debug|Any CPU.ActiveCfg = Debug|Any CPU
		{57E3DA48-13EE-4D20-9221-4B12365500BE}.Debug|Any CPU.Build.0 = Debug|Any CPU
		{57E3DA48-13EE-4D20-9221-4B12365500BE}.Release|Any CPU.ActiveCfg = Release|Any CPU
		{57E3DA48-13EE-4D20-9221-4B12365500BE}.Release|Any CPU.Build.0 = Release|Any CPU
		{864A92B7-6179-40BD-AA84-564E699A6937}.Debug|Any CPU.ActiveCfg = Debug|Any CPU
		{864A92B7-6179-40BD-AA84-564E699A6937}.Debug|Any CPU.Build.0 = Debug|Any CPU
		{864A92B7-6179-40BD-AA84-564E699A6937}.Release|Any CPU.ActiveCfg = Release|Any CPU
		{864A92B7-6179-40BD-AA84-564E699A6937}.Release|Any CPU.Build.0 = Release|Any CPU
		{15168655-6AC9-4552-B4BE-EADFFA5830BA}.Debug|Any CPU.ActiveCfg = Debug|Any CPU
		{15168655-6AC9-4552-B4BE-EADFFA5830BA}.Debug|Any CPU.Build.0 = Debug|Any CPU
		{15168655-6AC9-4552-B4BE-EADFFA5830BA}.Release|Any CPU.ActiveCfg = Release|Any CPU
		{15168655-6AC9-4552-B4BE-EADFFA5830BA}.Release|Any CPU.Build.0 = Release|Any CPU
	EndGlobalSection
	GlobalSection(SolutionProperties) = preSolution
		HideSolutionNode = FALSE
	EndGlobalSection
	GlobalSection(ExtensibilityGlobals) = postSolution
		SolutionGuid = {803E35FF-AE04-400E-83F8-7D8810AF188E}
	EndGlobalSection
EndGlobal
